
Microsoft Visual Studio Solution File, Format Version 12.00
# Visual Studio 14
VisualStudioVersion = 14.0.25420.1
MinimumVisualStudioVersion = 10.0.40219.1
Project("{159641D6-6404-4A2A-AE62-294DE0FE8301}") = "Laboratorio3", "Laboratorio3\Laboratorio3.dtproj", "{F989CC70-C761-46F0-9DA6-13C4072BF155}"
EndProject
Global
	GlobalSection(SolutionConfigurationPlatforms) = preSolution
		Development|Default = Development|Default
	EndGlobalSection
	GlobalSection(ProjectConfigurationPlatforms) = postSolution
		{F989CC70-C761-46F0-9DA6-13C4072BF155}.Development|Default.ActiveCfg = Development
		{F989CC70-C761-46F0-9DA6-13C4072BF155}.Development|Default.Build.0 = Development
	EndGlobalSection
	GlobalSection(SolutionProperties) = preSolution
		HideSolutionNode = FALSE
	EndGlobalSection
EndGlobal
